// !$*UTF8*$!
{
	archiveVersion = 1;
	classes = {
	};
	objectVersion = 46;
	objects = {

/* Begin PBXBuildFile section */
		B866237A1BF48FC8000CEBFF /* main.c in Sources */ = {isa = PBXBuildFile; fileRef = B86623791BF48FC8000CEBFF /* main.c */; };
		B86623881BF49005000CEBFF /* connection.c in Sources */ = {isa = PBXBuildFile; fileRef = B86623801BF49005000CEBFF /* connection.c */; };
		B86623891BF49005000CEBFF /* listener.c in Sources */ = {isa = PBXBuildFile; fileRef = B86623821BF49005000CEBFF /* listener.c */; };
		B866238A1BF49005000CEBFF /* mdb.c in Sources */ = {isa = PBXBuildFile; fileRef = B86623841BF49005000CEBFF /* mdb.c */; };
		B866238B1BF49005000CEBFF /* vending.c in Sources */ = {isa = PBXBuildFile; fileRef = B86623861BF49005000CEBFF /* vending.c */; };
/* End PBXBuildFile section */

/* Begin PBXCopyFilesBuildPhase section */
		B86623741BF48FC8000CEBFF /* CopyFiles */ = {
			isa = PBXCopyFilesBuildPhase;
			buildActionMask = 2147483647;
			dstPath = /usr/share/man/man1/;
			dstSubfolderSpec = 0;
			files = (
			);
			runOnlyForDeploymentPostprocessing = 1;
		};
/* End PBXCopyFilesBuildPhase section */

/* Begin PBXFileReference section */
		B86623761BF48FC8000CEBFF /* SmartMDB */ = {isa = PBXFileReference; explicitFileType = "compiled.mach-o.executable"; includeInIndex = 0; path = SmartMDB; sourceTree = BUILT_PRODUCTS_DIR; };
		B86623791BF48FC8000CEBFF /* main.c */ = {isa = PBXFileReference; lastKnownFileType = sourcecode.c.c; path = main.c; sourceTree = "<group>"; };
		B86623801BF49005000CEBFF /* connection.c */ = {isa = PBXFileReference; fileEncoding = 4; lastKnownFileType = sourcecode.c.c; path = connection.c; sourceTree = "<group>"; };
		B86623811BF49005000CEBFF /* connection.h */ = {isa = PBXFileReference; fileEncoding = 4; lastKnownFileType = sourcecode.c.h; path = connection.h; sourceTree = "<group>"; };
		B86623821BF49005000CEBFF /* listener.c */ = {isa = PBXFileReference; fileEncoding = 4; lastKnownFileType = sourcecode.c.c; path = listener.c; sourceTree = "<group>"; };
		B86623831BF49005000CEBFF /* listener.h */ = {isa = PBXFileReference; fileEncoding = 4; lastKnownFileType = sourcecode.c.h; path = listener.h; sourceTree = "<group>"; };
		B86623841BF49005000CEBFF /* mdb.c */ = {isa = PBXFileReference; fileEncoding = 4; lastKnownFileType = sourcecode.c.c; path = mdb.c; sourceTree = "<group>"; };
		B86623851BF49005000CEBFF /* mdb.h */ = {isa = PBXFileReference; fileEncoding = 4; lastKnownFileType = sourcecode.c.h; path = mdb.h; sourceTree = "<group>"; };
		B86623861BF49005000CEBFF /* vending.c */ = {isa = PBXFileReference; fileEncoding = 4; lastKnownFileType = sourcecode.c.c; path = vending.c; sourceTree = "<group>"; };
		B86623871BF49005000CEBFF /* vending.h */ = {isa = PBXFileReference; fileEncoding = 4; lastKnownFileType = sourcecode.c.h; path = vending.h; sourceTree = "<group>"; };
/* End PBXFileReference section */

/* Begin PBXFrameworksBuildPhase section */
		B86623731BF48FC8000CEBFF /* Frameworks */ = {
			isa = PBXFrameworksBuildPhase;
			buildActionMask = 2147483647;
			files = (
			);
			runOnlyForDeploymentPostprocessing = 0;
		};
/* End PBXFrameworksBuildPhase section */

/* Begin PBXGroup section */
		B866236D1BF48FC8000CEBFF = {
			isa = PBXGroup;
			children = (
				B86623781BF48FC8000CEBFF /* SmartMDB */,
				B86623771BF48FC8000CEBFF /* Products */,
			);
			sourceTree = "<group>";
		};
		B86623771BF48FC8000CEBFF /* Products */ = {
			isa = PBXGroup;
			children = (
				B86623761BF48FC8000CEBFF /* SmartMDB */,
			);
			name = Products;
			sourceTree = "<group>";
		};
		B86623781BF48FC8000CEBFF /* SmartMDB */ = {
			isa = PBXGroup;
			children = (
				B86623791BF48FC8000CEBFF /* main.c */,
				B86623801BF49005000CEBFF /* connection.c */,
				B86623811BF49005000CEBFF /* connection.h */,
				B86623821BF49005000CEBFF /* listener.c */,
				B86623831BF49005000CEBFF /* listener.h */,
				B86623841BF49005000CEBFF /* mdb.c */,
				B86623851BF49005000CEBFF /* mdb.h */,
				B86623861BF49005000CEBFF /* vending.c */,
				B86623871BF49005000CEBFF /* vending.h */,
			);
			path = SmartMDB;
			sourceTree = "<group>";
		};
/* End PBXGroup section */

/* Begin PBXNativeTarget section */
		B86623751BF48FC8000CEBFF /* SmartMDB */ = {
			isa = PBXNativeTarget;
			buildConfigurationList = B866237D1BF48FC8000CEBFF /* Build configuration list for PBXNativeTarget "SmartMDB" */;
			buildPhases = (
				B86623721BF48FC8000CEBFF /* Sources */,
				B86623731BF48FC8000CEBFF /* Frameworks */,
				B86623741BF48FC8000CEBFF /* CopyFiles */,
			);
			buildRules = (
			);
			dependencies = (
			);
			name = SmartMDB;
			productName = SmartMDB;
			productReference = B86623761BF48FC8000CEBFF /* SmartMDB */;
			productType = "com.apple.product-type.tool";
		};
/* End PBXNativeTarget section */

/* Begin PBXProject section */
		B866236E1BF48FC8000CEBFF /* Project object */ = {
			isa = PBXProject;
			attributes = {
				LastUpgradeCheck = 0620;
				ORGANIZATIONNAME = "Martin Cajthaml";
				TargetAttributes = {
					B86623751BF48FC8000CEBFF = {
						CreatedOnToolsVersion = 6.2;
					};
				};
			};
			buildConfigurationList = B86623711BF48FC8000CEBFF /* Build configuration list for PBXProject "SmartMDB" */;
			compatibilityVersion = "Xcode 3.2";
			developmentRegion = English;
			hasScannedForEncodings = 0;
			knownRegions = (
				en,
			);
			mainGroup = B866236D1BF48FC8000CEBFF;
			productRefGroup = B86623771BF48FC8000CEBFF /* Products */;
			projectDirPath = "";
			projectRoot = "";
			targets = (
				B86623751BF48FC8000CEBFF /* SmartMDB */,
			);
		};
/* End PBXProject section */

/* Begin PBXSourcesBuildPhase section */
		B86623721BF48FC8000CEBFF /* Sources */ = {
			isa = PBXSourcesBuildPhase;
			buildActionMask = 2147483647;
			files = (
				B866237A1BF48FC8000CEBFF /* main.c in Sources */,
				B866238A1BF49005000CEBFF /* mdb.c in Sources */,
				B866238B1BF49005000CEBFF /* vending.c in Sources */,
				B86623881BF49005000CEBFF /* connection.c in Sources */,
				B86623891BF49005000CEBFF /* listener.c in Sources */,
			);
			runOnlyForDeploymentPostprocessing = 0;
		};
/* End PBXSourcesBuildPhase section */

/* Begin XCBuildConfiguration section */
		B866237B1BF48FC8000CEBFF /* Debug */ = {
			isa = XCBuildConfiguration;
			buildSettings = {
				ALWAYS_SEARCH_USER_PATHS = NO;
				CLANG_CXX_LANGUAGE_STANDARD = "gnu++0x";
				CLANG_CXX_LIBRARY = "libc++";
				CLANG_ENABLE_MODULES = YES;
				CLANG_ENABLE_OBJC_ARC = YES;
				CLANG_WARN_BOOL_CONVERSION = YES;
				CLANG_WARN_CONSTANT_CONVERSION = YES;
				CLANG_WARN_DIRECT_OBJC_ISA_USAGE = YES_ERROR;
				CLANG_WARN_EMPTY_BODY = YES;
				CLANG_WARN_ENUM_CONVERSION = YES;
				CLANG_WARN_INT_CONVERSION = YES;
				CLANG_WARN_OBJC_ROOT_CLASS = YES_ERROR;
				CLANG_WARN_UNREACHABLE_CODE = YES;
				CLANG_WARN__DUPLICATE_METHOD_MATCH = YES;
				COPY_PHASE_STRIP = NO;
				ENABLE_STRICT_OBJC_MSGSEND = YES;
				GCC_C_LANGUAGE_STANDARD = gnu99;
				GCC_DYNAMIC_NO_PIC = NO;
				GCC_OPTIMIZATION_LEVEL = 0;
				GCC_PREPROCESSOR_DEFINITIONS = (
					"DEBUG=1",
					"$(inherited)",
				);
				GCC_SYMBOLS_PRIVATE_EXTERN = NO;
				GCC_WARN_64_TO_32_BIT_CONVERSION = YES;
				GCC_WARN_ABOUT_RETURN_TYPE = YES_ERROR;
				GCC_WARN_UNDECLARED_SELECTOR = YES;
				GCC_WARN_UNINITIALIZED_AUTOS = YES_AGGRESSIVE;
				GCC_WARN_UNUSED_FUNCTION = YES;
				GCC_WARN_UNUSED_VARIABLE = YES;
				MACOSX_DEPLOYMENT_TARGET = 10.11;
				MTL_ENABLE_DEBUG_INFO = YES;
				ONLY_ACTIVE_ARCH = YES;
				SDKROOT = macosx;
			};
			name = Debug;
		};
		B866237C1BF48FC8000CEBFF /* Release */ = {
			isa = XCBuildConfiguration;
			buildSettings = {
				ALWAYS_SEARCH_USER_PATHS = NO;
				CLANG_CXX_LANGUAGE_STANDARD = "gnu++0x";
				CLANG_CXX_LIBRARY = "libc++";
				CLANG_ENABLE_MODULES = YES;
				CLANG_ENABLE_OBJC_ARC = YES;
				CLANG_WARN_BOOL_CONVERSION = YES;
				CLANG_WARN_CONSTANT_CONVERSION = YES;
				CLANG_WARN_DIRECT_OBJC_ISA_USAGE = YES_ERROR;
				CLANG_WARN_EMPTY_BODY = YES;
				CLANG_WARN_ENUM_CONVERSION = YES;
				CLANG_WARN_INT_CONVERSION = YES;
				CLANG_WARN_OBJC_ROOT_CLASS = YES_ERROR;
				CLANG_WARN_UNREACHABLE_CODE = YES;
				CLANG_WARN__DUPLICATE_METHOD_MATCH = YES;
				COPY_PHASE_STRIP = NO;
				DEBUG_INFORMATION_FORMAT = "dwarf-with-dsym";
				ENABLE_NS_ASSERTIONS = NO;
				ENABLE_STRICT_OBJC_MSGSEND = YES;
				GCC_C_LANGUAGE_STANDARD = gnu99;
				GCC_WARN_64_TO_32_BIT_CONVERSION = YES;
				GCC_WARN_ABOUT_RETURN_TYPE = YES_ERROR;
				GCC_WARN_UNDECLARED_SELECTOR = YES;
				GCC_WARN_UNINITIALIZED_AUTOS = YES_AGGRESSIVE;
				GCC_WARN_UNUSED_FUNCTION = YES;
				GCC_WARN_UNUSED_VARIABLE = YES;
				MACOSX_DEPLOYMENT_TARGET = 10.11;
				MTL_ENABLE_DEBUG_INFO = NO;
				SDKROOT = macosx;
			};
			name = Release;
		};
		B866237E1BF48FC8000CEBFF /* Debug */ = {
			isa = XCBuildConfiguration;
			buildSettings = {
				PRODUCT_NAME = "$(TARGET_NAME)";
			};
			name = Debug;
		};
		B866237F1BF48FC8000CEBFF /* Release */ = {
			isa = XCBuildConfiguration;
			buildSettings = {
				PRODUCT_NAME = "$(TARGET_NAME)";
			};
			name = Release;
		};
/* End XCBuildConfiguration section */

/* Begin XCConfigurationList section */
		B86623711BF48FC8000CEBFF /* Build configuration list for PBXProject "SmartMDB" */ = {
			isa = XCConfigurationList;
			buildConfigurations = (
				B866237B1BF48FC8000CEBFF /* Debug */,
				B866237C1BF48FC8000CEBFF /* Release */,
			);
			defaultConfigurationIsVisible = 0;
			defaultConfigurationName = Release;
		};
		B866237D1BF48FC8000CEBFF /* Build configuration list for PBXNativeTarget "SmartMDB" */ = {
			isa = XCConfigurationList;
			buildConfigurations = (
				B866237E1BF48FC8000CEBFF /* Debug */,
				B866237F1BF48FC8000CEBFF /* Release */,
			);
			defaultConfigurationIsVisible = 0;
		};
/* End XCConfigurationList section */
	};
	rootObject = B866236E1BF48FC8000CEBFF /* Project object */;
}
